
Microsoft Visual Studio Solution File, Format Version 12.00
# Visual Studio Version 16
VisualStudioVersion = 16.0.29424.173
MinimumVisualStudioVersion = 10.0.40219.1
Project("{FAE04EC0-301F-11D3-BF4B-00C04F79EFBC}") = "FrisFoodBV", "FrisFoodBV\FrisFoodBV.csproj", "{C36FCD7D-E640-4F52-A1A6-DD64409F1C3B}"
EndProject
Project("{FAE04EC0-301F-11D3-BF4B-00C04F79EFBC}") = "DataModel", "DataModel\DataModel.csproj", "{76986E12-2541-4E26-8D34-B8E3FB8233B0}"
EndProject
Global
	GlobalSection(SolutionConfigurationPlatforms) = preSolution
		Debug|Any CPU = Debug|Any CPU
		Release|Any CPU = Release|Any CPU
	EndGlobalSection
	GlobalSection(ProjectConfigurationPlatforms) = postSolution
		{C36FCD7D-E640-4F52-A1A6-DD64409F1C3B}.Debug|Any CPU.ActiveCfg = Debug|Any CPU
		{C36FCD7D-E640-4F52-A1A6-DD64409F1C3B}.Debug|Any CPU.Build.0 = Debug|Any CPU
		{C36FCD7D-E640-4F52-A1A6-DD64409F1C3B}.Release|Any CPU.ActiveCfg = Release|Any CPU
		{C36FCD7D-E640-4F52-A1A6-DD64409F1C3B}.Release|Any CPU.Build.0 = Release|Any CPU
		{76986E12-2541-4E26-8D34-B8E3FB8233B0}.Debug|Any CPU.ActiveCfg = Debug|Any CPU
		{76986E12-2541-4E26-8D34-B8E3FB8233B0}.Debug|Any CPU.Build.0 = Debug|Any CPU
		{76986E12-2541-4E26-8D34-B8E3FB8233B0}.Release|Any CPU.ActiveCfg = Release|Any CPU
		{76986E12-2541-4E26-8D34-B8E3FB8233B0}.Release|Any CPU.Build.0 = Release|Any CPU
	EndGlobalSection
	GlobalSection(SolutionProperties) = preSolution
		HideSolutionNode = FALSE
	EndGlobalSection
	GlobalSection(ExtensibilityGlobals) = postSolution
		SolutionGuid = {CAF470F0-6400-4687-8D03-44FC56B4BFC6}
	EndGlobalSection
EndGlobal
